
Microsoft Visual Studio Solution File, Format Version 12.00
# Visual Studio Version 16
VisualStudioVersion = 16.0.29020.237
MinimumVisualStudioVersion = 10.0.40219.1
Project("{9A19103F-16F7-4668-BE54-9A1E7A4F7556}") = "MobyDickWordCounts", "MobyDickWordCounts\MobyDickWordCounts.csproj", "{2611DF85-666B-4EDC-8F1E-3F10242EB807}"
EndProject
Project("{FAE04EC0-301F-11D3-BF4B-00C04F79EFBC}") = "MobyDick_Web", "MobyDick_Web\MobyDick_Web.csproj", "{9B159AE0-4026-46CC-BBE8-9BCA7DA93703}"
EndProject
Project("{FAE04EC0-301F-11D3-BF4B-00C04F79EFBC}") = "MobyDick_Web_Test", "MobyDick_Web_Test\MobyDick_Web_Test.csproj", "{2D6EDCBD-C09E-473F-9D80-FF22EDACD49F}"
EndProject
Global
	GlobalSection(SolutionConfigurationPlatforms) = preSolution
		Debug|Any CPU = Debug|Any CPU
		Release|Any CPU = Release|Any CPU
	EndGlobalSection
	GlobalSection(ProjectConfigurationPlatforms) = postSolution
		{2611DF85-666B-4EDC-8F1E-3F10242EB807}.Debug|Any CPU.ActiveCfg = Debug|Any CPU
		{2611DF85-666B-4EDC-8F1E-3F10242EB807}.Debug|Any CPU.Build.0 = Debug|Any CPU
		{2611DF85-666B-4EDC-8F1E-3F10242EB807}.Release|Any CPU.ActiveCfg = Release|Any CPU
		{2611DF85-666B-4EDC-8F1E-3F10242EB807}.Release|Any CPU.Build.0 = Release|Any CPU
		{9B159AE0-4026-46CC-BBE8-9BCA7DA93703}.Debug|Any CPU.ActiveCfg = Debug|Any CPU
		{9B159AE0-4026-46CC-BBE8-9BCA7DA93703}.Debug|Any CPU.Build.0 = Debug|Any CPU
		{9B159AE0-4026-46CC-BBE8-9BCA7DA93703}.Release|Any CPU.ActiveCfg = Release|Any CPU
		{9B159AE0-4026-46CC-BBE8-9BCA7DA93703}.Release|Any CPU.Build.0 = Release|Any CPU
		{2D6EDCBD-C09E-473F-9D80-FF22EDACD49F}.Debug|Any CPU.ActiveCfg = Debug|Any CPU
		{2D6EDCBD-C09E-473F-9D80-FF22EDACD49F}.Debug|Any CPU.Build.0 = Debug|Any CPU
		{2D6EDCBD-C09E-473F-9D80-FF22EDACD49F}.Release|Any CPU.ActiveCfg = Release|Any CPU
		{2D6EDCBD-C09E-473F-9D80-FF22EDACD49F}.Release|Any CPU.Build.0 = Release|Any CPU
	EndGlobalSection
	GlobalSection(SolutionProperties) = preSolution
		HideSolutionNode = FALSE
	EndGlobalSection
	GlobalSection(ExtensibilityGlobals) = postSolution
		SolutionGuid = {04EDEC03-3DA7-43EE-8094-9E9D2C5911D4}
	EndGlobalSection
EndGlobal
